
Microsoft Visual Studio Solution File, Format Version 12.00
# Visual Studio Version 17
VisualStudioVersion = 17.7.34031.279
MinimumVisualStudioVersion = 10.0.40219.1
Project("{9A19103F-16F7-4668-BE54-9A1E7A4F7556}") = "Griffin.WebServer", "Griffin.WebServer\Griffin.WebServer.csproj", "{7367ACDD-4D6D-493D-8327-467D4531B8C8}"
EndProject
Project("{9A19103F-16F7-4668-BE54-9A1E7A4F7556}") = "DemoServer", "Samples\DemoServer\DemoServer.csproj", "{0EB55867-2F21-4F67-9E6B-D99B1E35DE24}"
EndProject
Project("{9A19103F-16F7-4668-BE54-9A1E7A4F7556}") = "Griffin.WebServer.Tests", "Griffin.WebServer.Tests\Griffin.WebServer.Tests.csproj", "{4D64F516-6B0F-4616-9348-8A04630050A4}"
EndProject
Global
	GlobalSection(SolutionConfigurationPlatforms) = preSolution
		Debug|Any CPU = Debug|Any CPU
		Release|Any CPU = Release|Any CPU
	EndGlobalSection
	GlobalSection(ProjectConfigurationPlatforms) = postSolution
		{7367ACDD-4D6D-493D-8327-467D4531B8C8}.Debug|Any CPU.ActiveCfg = Debug|Any CPU
		{7367ACDD-4D6D-493D-8327-467D4531B8C8}.Debug|Any CPU.Build.0 = Debug|Any CPU
		{7367ACDD-4D6D-493D-8327-467D4531B8C8}.Release|Any CPU.ActiveCfg = Release|Any CPU
		{7367ACDD-4D6D-493D-8327-467D4531B8C8}.Release|Any CPU.Build.0 = Release|Any CPU
		{0EB55867-2F21-4F67-9E6B-D99B1E35DE24}.Debug|Any CPU.ActiveCfg = Debug|Any CPU
		{0EB55867-2F21-4F67-9E6B-D99B1E35DE24}.Debug|Any CPU.Build.0 = Debug|Any CPU
		{0EB55867-2F21-4F67-9E6B-D99B1E35DE24}.Release|Any CPU.ActiveCfg = Release|Any CPU
		{0EB55867-2F21-4F67-9E6B-D99B1E35DE24}.Release|Any CPU.Build.0 = Release|Any CPU
		{4D64F516-6B0F-4616-9348-8A04630050A4}.Debug|Any CPU.ActiveCfg = Debug|Any CPU
		{4D64F516-6B0F-4616-9348-8A04630050A4}.Debug|Any CPU.Build.0 = Debug|Any CPU
		{4D64F516-6B0F-4616-9348-8A04630050A4}.Release|Any CPU.ActiveCfg = Release|Any CPU
		{4D64F516-6B0F-4616-9348-8A04630050A4}.Release|Any CPU.Build.0 = Release|Any CPU
	EndGlobalSection
	GlobalSection(SolutionProperties) = preSolution
		HideSolutionNode = FALSE
	EndGlobalSection
EndGlobal
